# THIS IS AN AUTOGENERATED FILE. DO NOT EDIT THIS FILE DIRECTLY.
# yarn lockfile v1


eventemitter3@^3.0.0:
  version "3.0.1"
  resolved "https://registry.yarnpkg.com/eventemitter3/-/eventemitter3-3.0.1.tgz#4ce66c3fc5b5a6b9f2245e359e1938f1ab10f960"

phaser@3.1.2:
  version "3.1.2"
  resolved "https://registry.yarnpkg.com/phaser/-/phaser-3.1.2.tgz#285f2f15ba811e9ac8255ba2fb0d130b67a80b4d"
  dependencies:
    eventemitter3 "^3.0.0"
